
Microsoft Visual Studio Solution File, Format Version 12.00
# Visual Studio Version 17
VisualStudioVersion = 17.5.002.0
MinimumVisualStudioVersion = 10.0.40219.1
Project("{9A19103F-16F7-4668-BE54-9A1E7A4F7556}") = "loginDemo", "loginDemo\loginDemo.csproj", "{74BC9FDD-6DC0-40EA-BE24-EF234256A9C9}"
EndProject
Global
	GlobalSection(SolutionConfigurationPlatforms) = preSolution
		Debug|Any CPU = Debug|Any CPU
		Release|Any CPU = Release|Any CPU
	EndGlobalSection
	GlobalSection(ProjectConfigurationPlatforms) = postSolution
		{74BC9FDD-6DC0-40EA-BE24-EF234256A9C9}.Debug|Any CPU.ActiveCfg = Debug|Any CPU
		{74BC9FDD-6DC0-40EA-BE24-EF234256A9C9}.Debug|Any CPU.Build.0 = Debug|Any CPU
		{74BC9FDD-6DC0-40EA-BE24-EF234256A9C9}.Release|Any CPU.ActiveCfg = Release|Any CPU
		{74BC9FDD-6DC0-40EA-BE24-EF234256A9C9}.Release|Any CPU.Build.0 = Release|Any CPU
	EndGlobalSection
	GlobalSection(SolutionProperties) = preSolution
		HideSolutionNode = FALSE
	EndGlobalSection
	GlobalSection(ExtensibilityGlobals) = postSolution
		SolutionGuid = {2A6E08A4-4124-4BE3-8980-D815981E669C}
	EndGlobalSection
EndGlobal
